
Microsoft Visual Studio Solution File, Format Version 12.00
# Visual Studio Version 17
VisualStudioVersion = 17.0.31903.59
MinimumVisualStudioVersion = 10.0.40219.1
Project("{FAE04EC0-301F-11D3-BF4B-00C04F79EFBC}") = "Storage.API", "Storage.API\Storage.API.csproj", "{DD7BE1A5-C7D4-4EAC-BF9A-E0A10F12B8EF}"
EndProject
Project("{2150E333-8FDC-42A3-9474-1A3956D46DE8}") = "Tests", "Tests", "{BEEB750B-10D9-4CD8-BAE7-03642C8DABB9}"
EndProject
Project("{FAE04EC0-301F-11D3-BF4B-00C04F79EFBC}") = "Storage.API.UnitTests", "Tests\Storage.API.UnitTests\Storage.API.UnitTests.csproj", "{3B68101D-3636-4FC0-84FD-C1C0138F0F86}"
EndProject
Global
	GlobalSection(SolutionConfigurationPlatforms) = preSolution
		Debug|Any CPU = Debug|Any CPU
		Release|Any CPU = Release|Any CPU
	EndGlobalSection
	GlobalSection(SolutionProperties) = preSolution
		HideSolutionNode = FALSE
	EndGlobalSection
	GlobalSection(ProjectConfigurationPlatforms) = postSolution
		{DD7BE1A5-C7D4-4EAC-BF9A-E0A10F12B8EF}.Debug|Any CPU.ActiveCfg = Debug|Any CPU
		{DD7BE1A5-C7D4-4EAC-BF9A-E0A10F12B8EF}.Debug|Any CPU.Build.0 = Debug|Any CPU
		{DD7BE1A5-C7D4-4EAC-BF9A-E0A10F12B8EF}.Release|Any CPU.ActiveCfg = Release|Any CPU
		{DD7BE1A5-C7D4-4EAC-BF9A-E0A10F12B8EF}.Release|Any CPU.Build.0 = Release|Any CPU
		{3B68101D-3636-4FC0-84FD-C1C0138F0F86}.Debug|Any CPU.ActiveCfg = Debug|Any CPU
		{3B68101D-3636-4FC0-84FD-C1C0138F0F86}.Debug|Any CPU.Build.0 = Debug|Any CPU
		{3B68101D-3636-4FC0-84FD-C1C0138F0F86}.Release|Any CPU.ActiveCfg = Release|Any CPU
		{3B68101D-3636-4FC0-84FD-C1C0138F0F86}.Release|Any CPU.Build.0 = Release|Any CPU
	EndGlobalSection
	GlobalSection(NestedProjects) = preSolution
		{3B68101D-3636-4FC0-84FD-C1C0138F0F86} = {BEEB750B-10D9-4CD8-BAE7-03642C8DABB9}
	EndGlobalSection
EndGlobal
